// !$*UTF8*$!
{
	archiveVersion = 1;
	classes = {
	};
	objectVersion = 54;
	objects = {

/* Begin PBXBuildFile section */
		00E356F31AD99517003FC87E /* icebreakrTests.m in Sources */ = {isa = PBXBuildFile; fileRef = 00E356F21AD99517003FC87E /* icebreakrTests.m */; };
		017C3BE0612642F4AA0E9545 /* Roboto Bold.ttf in Resources */ = {isa = PBXBuildFile; fileRef = 0F11CFC10CA045D4965F5762 /* Roboto Bold.ttf */; };
		03710B840AD749DE82448D36 /* Roboto Thin.ttf in Resources */ = {isa = PBXBuildFile; fileRef = 516888CE875A4B4585971B66 /* Roboto Thin.ttf */; };
		0F4C869E9AA94AC887273103 /* Roboto BlackItalic.ttf in Resources */ = {isa = PBXBuildFile; fileRef = 94F2F9D1374445E8BA34D281 /* Roboto BlackItalic.ttf */; };
		13B07FBC1A68108700A75B9A /* AppDelegate.m in Sources */ = {isa = PBXBuildFile; fileRef = 13B07FB01A68108700A75B9A /* AppDelegate.m */; };
		13B07FBF1A68108700A75B9A /* Images.xcassets in Resources */ = {isa = PBXBuildFile; fileRef = 13B07FB51A68108700A75B9A /* Images.xcassets */; };
		13B07FC11A68108700A75B9A /* main.m in Sources */ = {isa = PBXBuildFile; fileRef = 13B07FB71A68108700A75B9A /* main.m */; };
		18C712A198E411A80BD106EC /* libPods-icebreakr.a in Frameworks */ = {isa = PBXBuildFile; fileRef = EDEA438730A2891C07ADE569 /* libPods-icebreakr.a */; };
		19C38F440B6744A4927003BE /* Roboto Light.ttf in Resources */ = {isa = PBXBuildFile; fileRef = AB57885B13B84F859FA4F83F /* Roboto Light.ttf */; };
		23222D1DA6C24E85AC1B8581 /* Roboto Medium.ttf in Resources */ = {isa = PBXBuildFile; fileRef = 3B383D1AB95A4803973FA891 /* Roboto Medium.ttf */; };
		2F894766F5D140B9A5A42F50 /* rubicon-icon-font.ttf in Resources */ = {isa = PBXBuildFile; fileRef = A0A3DEBD4C7F4DDFA0A06203 /* rubicon-icon-font.ttf */; };
		41CA9729429E4B23AE0D8252 /* Roboto LightItalic.ttf in Resources */ = {isa = PBXBuildFile; fileRef = 636AA846485F4539BF238A58 /* Roboto LightItalic.ttf */; };
		4D3A812CF46C41D3BAC4D0BB /* Roboto ThinItalic.ttf in Resources */ = {isa = PBXBuildFile; fileRef = D8D8B2E420E44978977AB8BB /* Roboto ThinItalic.ttf */; };
		5F1A38858C534146BA34FBBF /* Roboto BoldItalic.ttf in Resources */ = {isa = PBXBuildFile; fileRef = 29393C1FECBF4B429D1EE4C7 /* Roboto BoldItalic.ttf */; };
		655BEB6A20E64BADB78FDA8D /* Octicons.ttf in Resources */ = {isa = PBXBuildFile; fileRef = 2D2B0667B0AD477A9E390FFD /* Octicons.ttf */; };
		6DD88D35B4EB4D3FA1411341 /* Roboto Italic.ttf in Resources */ = {isa = PBXBuildFile; fileRef = D65B0B19E93B44EAAE1029E9 /* Roboto Italic.ttf */; };
		72966C02719A4F59A290FF63 /* FontAwesome5_Regular.ttf in Resources */ = {isa = PBXBuildFile; fileRef = 4C0A11EC2CD34B58ABF1D699 /* FontAwesome5_Regular.ttf */; };
		734D0A8139164A399997D737 /* MaterialCommunityIcons.ttf in Resources */ = {isa = PBXBuildFile; fileRef = 72B3ABEA42254F09A0994567 /* MaterialCommunityIcons.ttf */; };
		743534CA59D34E20B6EC60D5 /* Roboto Regular.ttf in Resources */ = {isa = PBXBuildFile; fileRef = 461F0B88D7774756B957A1AA /* Roboto Regular.ttf */; };
		7855CDD463849A4B8A75A144 /* libPods-icebreakr-icebreakrTests.a in Frameworks */ = {isa = PBXBuildFile; fileRef = 8FF0EE1C78C2E3F96ADDBF74 /* libPods-icebreakr-icebreakrTests.a */; };
		810D07AD2D7349A2AF2074B3 /* Foundation.ttf in Resources */ = {isa = PBXBuildFile; fileRef = FA3FAE8608C34D46A23A9A83 /* Foundation.ttf */; };
		81AB9BB82411601600AC10FF /* LaunchScreen.storyboard in Resources */ = {isa = PBXBuildFile; fileRef = 81AB9BB72411601600AC10FF /* LaunchScreen.storyboard */; };
		8DFA15786C3743C38649B6E6 /* Entypo.ttf in Resources */ = {isa = PBXBuildFile; fileRef = 6075B80BA8B44A5FBF9D88C3 /* Entypo.ttf */; };
		9B1F134407AC41C7A26FFF83 /* SimpleLineIcons.ttf in Resources */ = {isa = PBXBuildFile; fileRef = FA41056CD4EF4E54AE62DF6D /* SimpleLineIcons.ttf */; };
		9B70FBA8122C4FC09DDA23A3 /* EvilIcons.ttf in Resources */ = {isa = PBXBuildFile; fileRef = 68D67C76773E400680846966 /* EvilIcons.ttf */; };
		A54BDD3AB94E4230A3A0E710 /* Fontisto.ttf in Resources */ = {isa = PBXBuildFile; fileRef = 3A33AA1A68D44504B8C202F0 /* Fontisto.ttf */; };
		A5A90BC4BCA047829B48C136 /* FontAwesome5_Brands.ttf in Resources */ = {isa = PBXBuildFile; fileRef = 72B7855C2B9E404B886BE915 /* FontAwesome5_Brands.ttf */; };
		B96B69ED238D438A8CC96352 /* Feather.ttf in Resources */ = {isa = PBXBuildFile; fileRef = B92436A5AF5848269DA45722 /* Feather.ttf */; };
		C21420D98A8542218A3BF555 /* Roboto Black.ttf in Resources */ = {isa = PBXBuildFile; fileRef = 4A986970F84A44B8AD1C4E24 /* Roboto Black.ttf */; };
		CDAE7334AC2D4662849028CC /* AntDesign.ttf in Resources */ = {isa = PBXBuildFile; fileRef = 9E6737668F054749B91BE8F0 /* AntDesign.ttf */; };
		DEF292A00064484CB43D1F23 /* Roboto MediumItalic.ttf in Resources */ = {isa = PBXBuildFile; fileRef = 04E944FEAA8B4777BE6634D9 /* Roboto MediumItalic.ttf */; };
		DF1D46E55C62444FA281FB87 /* Roboto.ttf in Resources */ = {isa = PBXBuildFile; fileRef = 37C0DEAC0CF24C83AE26B6F1 /* Roboto.ttf */; };
		E16E6E3F24674BA8B0102F98 /* FontAwesome5_Solid.ttf in Resources */ = {isa = PBXBuildFile; fileRef = A81EEAEA96AA41BC850E67CB /* FontAwesome5_Solid.ttf */; };
		E64CE878E4014205A73C737A /* Zocial.ttf in Resources */ = {isa = PBXBuildFile; fileRef = DFF5B4BB76E4471ABB59D45C /* Zocial.ttf */; };
		E99BDABEC21641599614E76F /* Roboto_medium.ttf in Resources */ = {isa = PBXBuildFile; fileRef = A34B3A90C0274C558735D9CA /* Roboto_medium.ttf */; };
		EBF9FF221F8845A69F3FBDAE /* MaterialIcons.ttf in Resources */ = {isa = PBXBuildFile; fileRef = 791D4B65ABB14BAC9E61EEC2 /* MaterialIcons.ttf */; };
		ED55B5A029B742ACB4C5C174 /* Ionicons.ttf in Resources */ = {isa = PBXBuildFile; fileRef = 88185746EA5D46E7AA1C1018 /* Ionicons.ttf */; };
		F025D18924CA4645B8580340 /* FontAwesome.ttf in Resources */ = {isa = PBXBuildFile; fileRef = 84DDF6D8205F46E29A232C35 /* FontAwesome.ttf */; };
/* End PBXBuildFile section */

/* Begin PBXContainerItemProxy section */
		00E356F41AD99517003FC87E /* PBXContainerItemProxy */ = {
			isa = PBXContainerItemProxy;
			containerPortal = 83CBB9F71A601CBA00E9B192 /* Project object */;
			proxyType = 1;
			remoteGlobalIDString = 13B07F861A680F5B00A75B9A;
			remoteInfo = icebreakr;
		};
/* End PBXContainerItemProxy section */

/* Begin PBXFileReference section */
		00E356EE1AD99517003FC87E /* icebreakrTests.xctest */ = {isa = PBXFileReference; explicitFileType = wrapper.cfbundle; includeInIndex = 0; path = icebreakrTests.xctest; sourceTree = BUILT_PRODUCTS_DIR; };
		00E356F11AD99517003FC87E /* Info.plist */ = {isa = PBXFileReference; lastKnownFileType = text.plist.xml; path = Info.plist; sourceTree = "<group>"; };
		00E356F21AD99517003FC87E /* icebreakrTests.m */ = {isa = PBXFileReference; lastKnownFileType = sourcecode.c.objc; path = icebreakrTests.m; sourceTree = "<group>"; };
		04E944FEAA8B4777BE6634D9 /* Roboto MediumItalic.ttf */ = {isa = PBXFileReference; explicitFileType = undefined; fileEncoding = 9; includeInIndex = 0; lastKnownFileType = unknown; name = "Roboto MediumItalic.ttf"; path = "../assets/fonts/Roboto MediumItalic.ttf"; sourceTree = "<group>"; };
		05B1656226858D77009BB329 /* Config.xcconfig */ = {isa = PBXFileReference; lastKnownFileType = text.xcconfig; path = Config.xcconfig; sourceTree = "<group>"; };
		0C15B5E97F65245A61A95607 /* Pods-icebreakr.release.xcconfig */ = {isa = PBXFileReference; includeInIndex = 1; lastKnownFileType = text.xcconfig; name = "Pods-icebreakr.release.xcconfig"; path = "Target Support Files/Pods-icebreakr/Pods-icebreakr.release.xcconfig"; sourceTree = "<group>"; };
		0F11CFC10CA045D4965F5762 /* Roboto Bold.ttf */ = {isa = PBXFileReference; explicitFileType = undefined; fileEncoding = 9; includeInIndex = 0; lastKnownFileType = unknown; name = "Roboto Bold.ttf"; path = "../assets/fonts/Roboto Bold.ttf"; sourceTree = "<group>"; };
		13B07F961A680F5B00A75B9A /* icebreakr.app */ = {isa = PBXFileReference; explicitFileType = wrapper.application; includeInIndex = 0; path = icebreakr.app; sourceTree = BUILT_PRODUCTS_DIR; };
		13B07FAF1A68108700A75B9A /* AppDelegate.h */ = {isa = PBXFileReference; fileEncoding = 4; lastKnownFileType = sourcecode.c.h; name = AppDelegate.h; path = icebreakr/AppDelegate.h; sourceTree = "<group>"; };
		13B07FB01A68108700A75B9A /* AppDelegate.m */ = {isa = PBXFileReference; fileEncoding = 4; lastKnownFileType = sourcecode.c.objc; name = AppDelegate.m; path = icebreakr/AppDelegate.m; sourceTree = "<group>"; };
		13B07FB51A68108700A75B9A /* Images.xcassets */ = {isa = PBXFileReference; lastKnownFileType = folder.assetcatalog; name = Images.xcassets; path = icebreakr/Images.xcassets; sourceTree = "<group>"; };
		13B07FB61A68108700A75B9A /* Info.plist */ = {isa = PBXFileReference; fileEncoding = 4; lastKnownFileType = text.plist.xml; name = Info.plist; path = icebreakr/Info.plist; sourceTree = "<group>"; };
		13B07FB71A68108700A75B9A /* main.m */ = {isa = PBXFileReference; fileEncoding = 4; lastKnownFileType = sourcecode.c.objc; name = main.m; path = icebreakr/main.m; sourceTree = "<group>"; };
		29393C1FECBF4B429D1EE4C7 /* Roboto BoldItalic.ttf */ = {isa = PBXFileReference; explicitFileType = undefined; fileEncoding = 9; includeInIndex = 0; lastKnownFileType = unknown; name = "Roboto BoldItalic.ttf"; path = "../assets/fonts/Roboto BoldItalic.ttf"; sourceTree = "<group>"; };
		2D2B0667B0AD477A9E390FFD /* Octicons.ttf */ = {isa = PBXFileReference; explicitFileType = undefined; fileEncoding = 9; includeInIndex = 0; lastKnownFileType = unknown; name = Octicons.ttf; path = "../node_modules/native-base/Fonts/Octicons.ttf"; sourceTree = "<group>"; };
		37C0DEAC0CF24C83AE26B6F1 /* Roboto.ttf */ = {isa = PBXFileReference; explicitFileType = undefined; fileEncoding = 9; includeInIndex = 0; lastKnownFileType = unknown; name = Roboto.ttf; path = "../node_modules/native-base/Fonts/Roboto.ttf"; sourceTree = "<group>"; };
		3A33AA1A68D44504B8C202F0 /* Fontisto.ttf */ = {isa = PBXFileReference; explicitFileType = undefined; fileEncoding = 9; includeInIndex = 0; lastKnownFileType = unknown; name = Fontisto.ttf; path = "../node_modules/native-base/Fonts/Fontisto.ttf"; sourceTree = "<group>"; };
		3B383D1AB95A4803973FA891 /* Roboto Medium.ttf */ = {isa = PBXFileReference; explicitFileType = undefined; fileEncoding = 9; includeInIndex = 0; lastKnownFileType = unknown; name = "Roboto Medium.ttf"; path = "../assets/fonts/Roboto Medium.ttf"; sourceTree = "<group>"; };
		461F0B88D7774756B957A1AA /* Roboto Regular.ttf */ = {isa = PBXFileReference; explicitFileType = undefined; fileEncoding = 9; includeInIndex = 0; lastKnownFileType = unknown; name = "Roboto Regular.ttf"; path = "../assets/fonts/Roboto Regular.ttf"; sourceTree = "<group>"; };
		4A986970F84A44B8AD1C4E24 /* Roboto Black.ttf */ = {isa = PBXFileReference; explicitFileType = undefined; fileEncoding = 9; includeInIndex = 0; lastKnownFileType = unknown; name = "Roboto Black.ttf"; path = "../assets/fonts/Roboto Black.ttf"; sourceTree = "<group>"; };
		4C0A11EC2CD34B58ABF1D699 /* FontAwesome5_Regular.ttf */ = {isa = PBXFileReference; explicitFileType = undefined; fileEncoding = 9; includeInIndex = 0; lastKnownFileType = unknown; name = FontAwesome5_Regular.ttf; path = "../node_modules/native-base/Fonts/FontAwesome5_Regular.ttf"; sourceTree = "<group>"; };
		516888CE875A4B4585971B66 /* Roboto Thin.ttf */ = {isa = PBXFileReference; explicitFileType = undefined; fileEncoding = 9; includeInIndex = 0; lastKnownFileType = unknown; name = "Roboto Thin.ttf"; path = "../assets/fonts/Roboto Thin.ttf"; sourceTree = "<group>"; };
		6075B80BA8B44A5FBF9D88C3 /* Entypo.ttf */ = {isa = PBXFileReference; explicitFileType = undefined; fileEncoding = 9; includeInIndex = 0; lastKnownFileType = unknown; name = Entypo.ttf; path = "../node_modules/native-base/Fonts/Entypo.ttf"; sourceTree = "<group>"; };
		636AA846485F4539BF238A58 /* Roboto LightItalic.ttf */ = {isa = PBXFileReference; explicitFileType = undefined; fileEncoding = 9; includeInIndex = 0; lastKnownFileType = unknown; name = "Roboto LightItalic.ttf"; path = "../assets/fonts/Roboto LightItalic.ttf"; sourceTree = "<group>"; };
		68D67C76773E400680846966 /* EvilIcons.ttf */ = {isa = PBXFileReference; explicitFileType = undefined; fileEncoding = 9; includeInIndex = 0; lastKnownFileType = unknown; name = EvilIcons.ttf; path = "../node_modules/native-base/Fonts/EvilIcons.ttf"; sourceTree = "<group>"; };
		72B3ABEA42254F09A0994567 /* MaterialCommunityIcons.ttf */ = {isa = PBXFileReference; explicitFileType = undefined; fileEncoding = 9; includeInIndex = 0; lastKnownFileType = unknown; name = MaterialCommunityIcons.ttf; path = "../node_modules/native-base/Fonts/MaterialCommunityIcons.ttf"; sourceTree = "<group>"; };
		72B7855C2B9E404B886BE915 /* FontAwesome5_Brands.ttf */ = {isa = PBXFileReference; explicitFileType = undefined; fileEncoding = 9; includeInIndex = 0; lastKnownFileType = unknown; name = FontAwesome5_Brands.ttf; path = "../node_modules/native-base/Fonts/FontAwesome5_Brands.ttf"; sourceTree = "<group>"; };
		791D4B65ABB14BAC9E61EEC2 /* MaterialIcons.ttf */ = {isa = PBXFileReference; explicitFileType = undefined; fileEncoding = 9; includeInIndex = 0; lastKnownFileType = unknown; name = MaterialIcons.ttf; path = "../node_modules/native-base/Fonts/MaterialIcons.ttf"; sourceTree = "<group>"; };
		79841C98A537663140AECB9F /* Pods-icebreakr-icebreakrTests.release.xcconfig */ = {isa = PBXFileReference; includeInIndex = 1; lastKnownFileType = text.xcconfig; name = "Pods-icebreakr-icebreakrTests.release.xcconfig"; path = "Target Support Files/Pods-icebreakr-icebreakrTests/Pods-icebreakr-icebreakrTests.release.xcconfig"; sourceTree = "<group>"; };
		81AB9BB72411601600AC10FF /* LaunchScreen.storyboard */ = {isa = PBXFileReference; fileEncoding = 4; lastKnownFileType = file.storyboard; name = LaunchScreen.storyboard; path = icebreakr/LaunchScreen.storyboard; sourceTree = "<group>"; };
		84DDF6D8205F46E29A232C35 /* FontAwesome.ttf */ = {isa = PBXFileReference; explicitFileType = undefined; fileEncoding = 9; includeInIndex = 0; lastKnownFileType = unknown; name = FontAwesome.ttf; path = "../node_modules/native-base/Fonts/FontAwesome.ttf"; sourceTree = "<group>"; };
		88185746EA5D46E7AA1C1018 /* Ionicons.ttf */ = {isa = PBXFileReference; explicitFileType = undefined; fileEncoding = 9; includeInIndex = 0; lastKnownFileType = unknown; name = Ionicons.ttf; path = "../node_modules/native-base/Fonts/Ionicons.ttf"; sourceTree = "<group>"; };
		8FF0EE1C78C2E3F96ADDBF74 /* libPods-icebreakr-icebreakrTests.a */ = {isa = PBXFileReference; explicitFileType = archive.ar; includeInIndex = 0; path = "libPods-icebreakr-icebreakrTests.a"; sourceTree = BUILT_PRODUCTS_DIR; };
		94F2F9D1374445E8BA34D281 /* Roboto BlackItalic.ttf */ = {isa = PBXFileReference; explicitFileType = undefined; fileEncoding = 9; includeInIndex = 0; lastKnownFileType = unknown; name = "Roboto BlackItalic.ttf"; path = "../assets/fonts/Roboto BlackItalic.ttf"; sourceTree = "<group>"; };
		9E6737668F054749B91BE8F0 /* AntDesign.ttf */ = {isa = PBXFileReference; explicitFileType = undefined; fileEncoding = 9; includeInIndex = 0; lastKnownFileType = unknown; name = AntDesign.ttf; path = "../node_modules/native-base/Fonts/AntDesign.ttf"; sourceTree = "<group>"; };
		A0A3DEBD4C7F4DDFA0A06203 /* rubicon-icon-font.ttf */ = {isa = PBXFileReference; explicitFileType = undefined; fileEncoding = 9; includeInIndex = 0; lastKnownFileType = unknown; name = "rubicon-icon-font.ttf"; path = "../node_modules/native-base/Fonts/rubicon-icon-font.ttf"; sourceTree = "<group>"; };
		A34B3A90C0274C558735D9CA /* Roboto_medium.ttf */ = {isa = PBXFileReference; explicitFileType = undefined; fileEncoding = 9; includeInIndex = 0; lastKnownFileType = unknown; name = Roboto_medium.ttf; path = "../node_modules/native-base/Fonts/Roboto_medium.ttf"; sourceTree = "<group>"; };
		A81EEAEA96AA41BC850E67CB /* FontAwesome5_Solid.ttf */ = {isa = PBXFileReference; explicitFileType = undefined; fileEncoding = 9; includeInIndex = 0; lastKnownFileType = unknown; name = FontAwesome5_Solid.ttf; path = "../node_modules/native-base/Fonts/FontAwesome5_Solid.ttf"; sourceTree = "<group>"; };
		AB57885B13B84F859FA4F83F /* Roboto Light.ttf */ = {isa = PBXFileReference; explicitFileType = undefined; fileEncoding = 9; includeInIndex = 0; lastKnownFileType = unknown; name = "Roboto Light.ttf"; path = "../assets/fonts/Roboto Light.ttf"; sourceTree = "<group>"; };
		AD4CCE66679DE2FCF78DDA3A /* Pods-icebreakr-icebreakrTests.debug.xcconfig */ = {isa = PBXFileReference; includeInIndex = 1; lastKnownFileType = text.xcconfig; name = "Pods-icebreakr-icebreakrTests.debug.xcconfig"; path = "Target Support Files/Pods-icebreakr-icebreakrTests/Pods-icebreakr-icebreakrTests.debug.xcconfig"; sourceTree = "<group>"; };
		B92436A5AF5848269DA45722 /* Feather.ttf */ = {isa = PBXFileReference; explicitFileType = undefined; fileEncoding = 9; includeInIndex = 0; lastKnownFileType = unknown; name = Feather.ttf; path = "../node_modules/native-base/Fonts/Feather.ttf"; sourceTree = "<group>"; };
		BFFDC7944842A200C7527B72 /* Pods-icebreakr.debug.xcconfig */ = {isa = PBXFileReference; includeInIndex = 1; lastKnownFileType = text.xcconfig; name = "Pods-icebreakr.debug.xcconfig"; path = "Target Support Files/Pods-icebreakr/Pods-icebreakr.debug.xcconfig"; sourceTree = "<group>"; };
		D65B0B19E93B44EAAE1029E9 /* Roboto Italic.ttf */ = {isa = PBXFileReference; explicitFileType = undefined; fileEncoding = 9; includeInIndex = 0; lastKnownFileType = unknown; name = "Roboto Italic.ttf"; path = "../assets/fonts/Roboto Italic.ttf"; sourceTree = "<group>"; };
		D8D8B2E420E44978977AB8BB /* Roboto ThinItalic.ttf */ = {isa = PBXFileReference; explicitFileType = undefined; fileEncoding = 9; includeInIndex = 0; lastKnownFileType = unknown; name = "Roboto ThinItalic.ttf"; path = "../assets/fonts/Roboto ThinItalic.ttf"; sourceTree = "<group>"; };
		DFF5B4BB76E4471ABB59D45C /* Zocial.ttf */ = {isa = PBXFileReference; explicitFileType = undefined; fileEncoding = 9; includeInIndex = 0; lastKnownFileType = unknown; name = Zocial.ttf; path = "../node_modules/native-base/Fonts/Zocial.ttf"; sourceTree = "<group>"; };
		ED297162215061F000B7C4FE /* JavaScriptCore.framework */ = {isa = PBXFileReference; lastKnownFileType = wrapper.framework; name = JavaScriptCore.framework; path = System/Library/Frameworks/JavaScriptCore.framework; sourceTree = SDKROOT; };
		EDEA438730A2891C07ADE569 /* libPods-icebreakr.a */ = {isa = PBXFileReference; explicitFileType = archive.ar; includeInIndex = 0; path = "libPods-icebreakr.a"; sourceTree = BUILT_PRODUCTS_DIR; };
		FA3FAE8608C34D46A23A9A83 /* Foundation.ttf */ = {isa = PBXFileReference; explicitFileType = undefined; fileEncoding = 9; includeInIndex = 0; lastKnownFileType = unknown; name = Foundation.ttf; path = "../node_modules/native-base/Fonts/Foundation.ttf"; sourceTree = "<group>"; };
		FA41056CD4EF4E54AE62DF6D /* SimpleLineIcons.ttf */ = {isa = PBXFileReference; explicitFileType = undefined; fileEncoding = 9; includeInIndex = 0; lastKnownFileType = unknown; name = SimpleLineIcons.ttf; path = "../node_modules/native-base/Fonts/SimpleLineIcons.ttf"; sourceTree = "<group>"; };
/* End PBXFileReference section */

/* Begin PBXFrameworksBuildPhase section */
		00E356EB1AD99517003FC87E /* Frameworks */ = {
			isa = PBXFrameworksBuildPhase;
			buildActionMask = 2147483647;
			files = (
				7855CDD463849A4B8A75A144 /* libPods-icebreakr-icebreakrTests.a in Frameworks */,
			);
			runOnlyForDeploymentPostprocessing = 0;
		};
		13B07F8C1A680F5B00A75B9A /* Frameworks */ = {
			isa = PBXFrameworksBuildPhase;
			buildActionMask = 2147483647;
			files = (
				18C712A198E411A80BD106EC /* libPods-icebreakr.a in Frameworks */,
			);
			runOnlyForDeploymentPostprocessing = 0;
		};
/* End PBXFrameworksBuildPhase section */

/* Begin PBXGroup section */
		00E356EF1AD99517003FC87E /* icebreakrTests */ = {
			isa = PBXGroup;
			children = (
				00E356F21AD99517003FC87E /* icebreakrTests.m */,
				00E356F01AD99517003FC87E /* Supporting Files */,
			);
			path = icebreakrTests;
			sourceTree = "<group>";
		};
		00E356F01AD99517003FC87E /* Supporting Files */ = {
			isa = PBXGroup;
			children = (
				00E356F11AD99517003FC87E /* Info.plist */,
			);
			name = "Supporting Files";
			sourceTree = "<group>";
		};
		13B07FAE1A68108700A75B9A /* icebreakr */ = {
			isa = PBXGroup;
			children = (
				13B07FAF1A68108700A75B9A /* AppDelegate.h */,
				13B07FB01A68108700A75B9A /* AppDelegate.m */,
				13B07FB51A68108700A75B9A /* Images.xcassets */,
				13B07FB61A68108700A75B9A /* Info.plist */,
				81AB9BB72411601600AC10FF /* LaunchScreen.storyboard */,
				13B07FB71A68108700A75B9A /* main.m */,
			);
			name = icebreakr;
			sourceTree = "<group>";
		};
		2D16E6871FA4F8E400B85C8A /* Frameworks */ = {
			isa = PBXGroup;
			children = (
				ED297162215061F000B7C4FE /* JavaScriptCore.framework */,
				EDEA438730A2891C07ADE569 /* libPods-icebreakr.a */,
				8FF0EE1C78C2E3F96ADDBF74 /* libPods-icebreakr-icebreakrTests.a */,
			);
			name = Frameworks;
			sourceTree = "<group>";
		};
		832341AE1AAA6A7D00B99B32 /* Libraries */ = {
			isa = PBXGroup;
			children = (
			);
			name = Libraries;
			sourceTree = "<group>";
		};
		83CBB9F61A601CBA00E9B192 = {
			isa = PBXGroup;
			children = (
				05B1656226858D77009BB329 /* Config.xcconfig */,
				13B07FAE1A68108700A75B9A /* icebreakr */,
				832341AE1AAA6A7D00B99B32 /* Libraries */,
				00E356EF1AD99517003FC87E /* icebreakrTests */,
				83CBBA001A601CBA00E9B192 /* Products */,
				2D16E6871FA4F8E400B85C8A /* Frameworks */,
				F36B1A3578A00DDA605E7356 /* Pods */,
				B01ACA8C6ECC4E9EBF9D66E0 /* Resources */,
			);
			indentWidth = 2;
			sourceTree = "<group>";
			tabWidth = 2;
			usesTabs = 0;
		};
		83CBBA001A601CBA00E9B192 /* Products */ = {
			isa = PBXGroup;
			children = (
				13B07F961A680F5B00A75B9A /* icebreakr.app */,
				00E356EE1AD99517003FC87E /* icebreakrTests.xctest */,
			);
			name = Products;
			sourceTree = "<group>";
		};
		B01ACA8C6ECC4E9EBF9D66E0 /* Resources */ = {
			isa = PBXGroup;
			children = (
				9E6737668F054749B91BE8F0 /* AntDesign.ttf */,
				6075B80BA8B44A5FBF9D88C3 /* Entypo.ttf */,
				68D67C76773E400680846966 /* EvilIcons.ttf */,
				B92436A5AF5848269DA45722 /* Feather.ttf */,
				84DDF6D8205F46E29A232C35 /* FontAwesome.ttf */,
				72B7855C2B9E404B886BE915 /* FontAwesome5_Brands.ttf */,
				4C0A11EC2CD34B58ABF1D699 /* FontAwesome5_Regular.ttf */,
				A81EEAEA96AA41BC850E67CB /* FontAwesome5_Solid.ttf */,
				3A33AA1A68D44504B8C202F0 /* Fontisto.ttf */,
				FA3FAE8608C34D46A23A9A83 /* Foundation.ttf */,
				88185746EA5D46E7AA1C1018 /* Ionicons.ttf */,
				72B3ABEA42254F09A0994567 /* MaterialCommunityIcons.ttf */,
				791D4B65ABB14BAC9E61EEC2 /* MaterialIcons.ttf */,
				2D2B0667B0AD477A9E390FFD /* Octicons.ttf */,
				A34B3A90C0274C558735D9CA /* Roboto_medium.ttf */,
				37C0DEAC0CF24C83AE26B6F1 /* Roboto.ttf */,
				A0A3DEBD4C7F4DDFA0A06203 /* rubicon-icon-font.ttf */,
				FA41056CD4EF4E54AE62DF6D /* SimpleLineIcons.ttf */,
				DFF5B4BB76E4471ABB59D45C /* Zocial.ttf */,
				4A986970F84A44B8AD1C4E24 /* Roboto Black.ttf */,
				94F2F9D1374445E8BA34D281 /* Roboto BlackItalic.ttf */,
				0F11CFC10CA045D4965F5762 /* Roboto Bold.ttf */,
				29393C1FECBF4B429D1EE4C7 /* Roboto BoldItalic.ttf */,
				D65B0B19E93B44EAAE1029E9 /* Roboto Italic.ttf */,
				AB57885B13B84F859FA4F83F /* Roboto Light.ttf */,
				636AA846485F4539BF238A58 /* Roboto LightItalic.ttf */,
				3B383D1AB95A4803973FA891 /* Roboto Medium.ttf */,
				04E944FEAA8B4777BE6634D9 /* Roboto MediumItalic.ttf */,
				461F0B88D7774756B957A1AA /* Roboto Regular.ttf */,
				516888CE875A4B4585971B66 /* Roboto Thin.ttf */,
				D8D8B2E420E44978977AB8BB /* Roboto ThinItalic.ttf */,
			);
			name = Resources;
			sourceTree = "<group>";
		};
		F36B1A3578A00DDA605E7356 /* Pods */ = {
			isa = PBXGroup;
			children = (
				BFFDC7944842A200C7527B72 /* Pods-icebreakr.debug.xcconfig */,
				0C15B5E97F65245A61A95607 /* Pods-icebreakr.release.xcconfig */,
				AD4CCE66679DE2FCF78DDA3A /* Pods-icebreakr-icebreakrTests.debug.xcconfig */,
				79841C98A537663140AECB9F /* Pods-icebreakr-icebreakrTests.release.xcconfig */,
			);
			path = Pods;
			sourceTree = "<group>";
		};
/* End PBXGroup section */

/* Begin PBXNativeTarget section */
		00E356ED1AD99517003FC87E /* icebreakrTests */ = {
			isa = PBXNativeTarget;
			buildConfigurationList = 00E357021AD99517003FC87E /* Build configuration list for PBXNativeTarget "icebreakrTests" */;
			buildPhases = (
				5D02DD87C8E26DF513DC65CC /* [CP] Check Pods Manifest.lock */,
				00E356EA1AD99517003FC87E /* Sources */,
				00E356EB1AD99517003FC87E /* Frameworks */,
				00E356EC1AD99517003FC87E /* Resources */,
				D097AFD68CD844F8FE7ADD49 /* [CP] Embed Pods Frameworks */,
				8FC22A1B951BB83D8EA2BE2B /* [CP] Copy Pods Resources */,
			);
			buildRules = (
			);
			dependencies = (
				00E356F51AD99517003FC87E /* PBXTargetDependency */,
			);
			name = icebreakrTests;
			productName = icebreakrTests;
			productReference = 00E356EE1AD99517003FC87E /* icebreakrTests.xctest */;
			productType = "com.apple.product-type.bundle.unit-test";
		};
		13B07F861A680F5B00A75B9A /* icebreakr */ = {
			isa = PBXNativeTarget;
			buildConfigurationList = 13B07F931A680F5B00A75B9A /* Build configuration list for PBXNativeTarget "icebreakr" */;
			buildPhases = (
				09845A2AA2E510CF4A2CCBBB /* [CP] Check Pods Manifest.lock */,
				FD10A7F022414F080027D42C /* Start Packager */,
				13B07F871A680F5B00A75B9A /* Sources */,
				13B07F8C1A680F5B00A75B9A /* Frameworks */,
				13B07F8E1A680F5B00A75B9A /* Resources */,
				00DD1BFF1BD5951E006B06BC /* Bundle React Native code and images */,
				430E07EE92260689516E80A8 /* [CP] Embed Pods Frameworks */,
				D953479E9D05C96256FD4388 /* [CP] Copy Pods Resources */,
			);
			buildRules = (
			);
			dependencies = (
			);
			name = icebreakr;
			productName = icebreakr;
			productReference = 13B07F961A680F5B00A75B9A /* icebreakr.app */;
			productType = "com.apple.product-type.application";
		};
/* End PBXNativeTarget section */

/* Begin PBXProject section */
		83CBB9F71A601CBA00E9B192 /* Project object */ = {
			isa = PBXProject;
			attributes = {
				LastUpgradeCheck = 1210;
				TargetAttributes = {
					00E356ED1AD99517003FC87E = {
						CreatedOnToolsVersion = 6.2;
						TestTargetID = 13B07F861A680F5B00A75B9A;
					};
					13B07F861A680F5B00A75B9A = {
						LastSwiftMigration = 1120;
					};
				};
			};
			buildConfigurationList = 83CBB9FA1A601CBA00E9B192 /* Build configuration list for PBXProject "icebreakr" */;
			compatibilityVersion = "Xcode 12.0";
			developmentRegion = en;
			hasScannedForEncodings = 0;
			knownRegions = (
				en,
				Base,
			);
			mainGroup = 83CBB9F61A601CBA00E9B192;
			productRefGroup = 83CBBA001A601CBA00E9B192 /* Products */;
			projectDirPath = "";
			projectRoot = "";
			targets = (
				13B07F861A680F5B00A75B9A /* icebreakr */,
				00E356ED1AD99517003FC87E /* icebreakrTests */,
			);
		};
/* End PBXProject section */

/* Begin PBXResourcesBuildPhase section */
		00E356EC1AD99517003FC87E /* Resources */ = {
			isa = PBXResourcesBuildPhase;
			buildActionMask = 2147483647;
			files = (
			);
			runOnlyForDeploymentPostprocessing = 0;
		};
		13B07F8E1A680F5B00A75B9A /* Resources */ = {
			isa = PBXResourcesBuildPhase;
			buildActionMask = 2147483647;
			files = (
				81AB9BB82411601600AC10FF /* LaunchScreen.storyboard in Resources */,
				13B07FBF1A68108700A75B9A /* Images.xcassets in Resources */,
				CDAE7334AC2D4662849028CC /* AntDesign.ttf in Resources */,
				8DFA15786C3743C38649B6E6 /* Entypo.ttf in Resources */,
				9B70FBA8122C4FC09DDA23A3 /* EvilIcons.ttf in Resources */,
				B96B69ED238D438A8CC96352 /* Feather.ttf in Resources */,
				F025D18924CA4645B8580340 /* FontAwesome.ttf in Resources */,
				A5A90BC4BCA047829B48C136 /* FontAwesome5_Brands.ttf in Resources */,
				72966C02719A4F59A290FF63 /* FontAwesome5_Regular.ttf in Resources */,
				E16E6E3F24674BA8B0102F98 /* FontAwesome5_Solid.ttf in Resources */,
				A54BDD3AB94E4230A3A0E710 /* Fontisto.ttf in Resources */,
				810D07AD2D7349A2AF2074B3 /* Foundation.ttf in Resources */,
				ED55B5A029B742ACB4C5C174 /* Ionicons.ttf in Resources */,
				734D0A8139164A399997D737 /* MaterialCommunityIcons.ttf in Resources */,
				EBF9FF221F8845A69F3FBDAE /* MaterialIcons.ttf in Resources */,
				655BEB6A20E64BADB78FDA8D /* Octicons.ttf in Resources */,
				E99BDABEC21641599614E76F /* Roboto_medium.ttf in Resources */,
				DF1D46E55C62444FA281FB87 /* Roboto.ttf in Resources */,
				2F894766F5D140B9A5A42F50 /* rubicon-icon-font.ttf in Resources */,
				9B1F134407AC41C7A26FFF83 /* SimpleLineIcons.ttf in Resources */,
				E64CE878E4014205A73C737A /* Zocial.ttf in Resources */,
				C21420D98A8542218A3BF555 /* Roboto Black.ttf in Resources */,
				0F4C869E9AA94AC887273103 /* Roboto BlackItalic.ttf in Resources */,
				017C3BE0612642F4AA0E9545 /* Roboto Bold.ttf in Resources */,
				5F1A38858C534146BA34FBBF /* Roboto BoldItalic.ttf in Resources */,
				6DD88D35B4EB4D3FA1411341 /* Roboto Italic.ttf in Resources */,
				19C38F440B6744A4927003BE /* Roboto Light.ttf in Resources */,
				41CA9729429E4B23AE0D8252 /* Roboto LightItalic.ttf in Resources */,
				23222D1DA6C24E85AC1B8581 /* Roboto Medium.ttf in Resources */,
				DEF292A00064484CB43D1F23 /* Roboto MediumItalic.ttf in Resources */,
				743534CA59D34E20B6EC60D5 /* Roboto Regular.ttf in Resources */,
				03710B840AD749DE82448D36 /* Roboto Thin.ttf in Resources */,
				4D3A812CF46C41D3BAC4D0BB /* Roboto ThinItalic.ttf in Resources */,
			);
			runOnlyForDeploymentPostprocessing = 0;
		};
/* End PBXResourcesBuildPhase section */

/* Begin PBXShellScriptBuildPhase section */
		00DD1BFF1BD5951E006B06BC /* Bundle React Native code and images */ = {
			isa = PBXShellScriptBuildPhase;
			buildActionMask = 2147483647;
			files = (
			);
			inputPaths = (
			);
			name = "Bundle React Native code and images";
			outputPaths = (
			);
			runOnlyForDeploymentPostprocessing = 0;
			shellPath = /bin/sh;
			shellScript = "set -e\n\nexport NODE_BINARY=node\n../node_modules/react-native/scripts/react-native-xcode.sh\n";
		};
		09845A2AA2E510CF4A2CCBBB /* [CP] Check Pods Manifest.lock */ = {
			isa = PBXShellScriptBuildPhase;
			buildActionMask = 2147483647;
			files = (
			);
			inputFileListPaths = (
			);
			inputPaths = (
				"${PODS_PODFILE_DIR_PATH}/Podfile.lock",
				"${PODS_ROOT}/Manifest.lock",
			);
			name = "[CP] Check Pods Manifest.lock";
			outputFileListPaths = (
			);
			outputPaths = (
				"$(DERIVED_FILE_DIR)/Pods-icebreakr-checkManifestLockResult.txt",
			);
			runOnlyForDeploymentPostprocessing = 0;
			shellPath = /bin/sh;
			shellScript = "diff \"${PODS_PODFILE_DIR_PATH}/Podfile.lock\" \"${PODS_ROOT}/Manifest.lock\" > /dev/null\nif [ $? != 0 ] ; then\n    # print error to STDERR\n    echo \"error: The sandbox is not in sync with the Podfile.lock. Run 'pod install' or update your CocoaPods installation.\" >&2\n    exit 1\nfi\n# This output is used by Xcode 'outputs' to avoid re-running this script phase.\necho \"SUCCESS\" > \"${SCRIPT_OUTPUT_FILE_0}\"\n";
			showEnvVarsInLog = 0;
		};
		430E07EE92260689516E80A8 /* [CP] Embed Pods Frameworks */ = {
			isa = PBXShellScriptBuildPhase;
			buildActionMask = 2147483647;
			files = (
			);
			inputFileListPaths = (
				"${PODS_ROOT}/Target Support Files/Pods-icebreakr/Pods-icebreakr-frameworks-${CONFIGURATION}-input-files.xcfilelist",
			);
			name = "[CP] Embed Pods Frameworks";
			outputFileListPaths = (
				"${PODS_ROOT}/Target Support Files/Pods-icebreakr/Pods-icebreakr-frameworks-${CONFIGURATION}-output-files.xcfilelist",
			);
			runOnlyForDeploymentPostprocessing = 0;
			shellPath = /bin/sh;
			shellScript = "\"${PODS_ROOT}/Target Support Files/Pods-icebreakr/Pods-icebreakr-frameworks.sh\"\n";
			showEnvVarsInLog = 0;
		};
		5D02DD87C8E26DF513DC65CC /* [CP] Check Pods Manifest.lock */ = {
			isa = PBXShellScriptBuildPhase;
			buildActionMask = 2147483647;
			files = (
			);
			inputFileListPaths = (
			);
			inputPaths = (
				"${PODS_PODFILE_DIR_PATH}/Podfile.lock",
				"${PODS_ROOT}/Manifest.lock",
			);
			name = "[CP] Check Pods Manifest.lock";
			outputFileListPaths = (
			);
			outputPaths = (
				"$(DERIVED_FILE_DIR)/Pods-icebreakr-icebreakrTests-checkManifestLockResult.txt",
			);
			runOnlyForDeploymentPostprocessing = 0;
			shellPath = /bin/sh;
			shellScript = "diff \"${PODS_PODFILE_DIR_PATH}/Podfile.lock\" \"${PODS_ROOT}/Manifest.lock\" > /dev/null\nif [ $? != 0 ] ; then\n    # print error to STDERR\n    echo \"error: The sandbox is not in sync with the Podfile.lock. Run 'pod install' or update your CocoaPods installation.\" >&2\n    exit 1\nfi\n# This output is used by Xcode 'outputs' to avoid re-running this script phase.\necho \"SUCCESS\" > \"${SCRIPT_OUTPUT_FILE_0}\"\n";
			showEnvVarsInLog = 0;
		};
		8FC22A1B951BB83D8EA2BE2B /* [CP] Copy Pods Resources */ = {
			isa = PBXShellScriptBuildPhase;
			buildActionMask = 2147483647;
			files = (
			);
			inputFileListPaths = (
				"${PODS_ROOT}/Target Support Files/Pods-icebreakr-icebreakrTests/Pods-icebreakr-icebreakrTests-resources-${CONFIGURATION}-input-files.xcfilelist",
			);
			name = "[CP] Copy Pods Resources";
			outputFileListPaths = (
				"${PODS_ROOT}/Target Support Files/Pods-icebreakr-icebreakrTests/Pods-icebreakr-icebreakrTests-resources-${CONFIGURATION}-output-files.xcfilelist",
			);
			runOnlyForDeploymentPostprocessing = 0;
			shellPath = /bin/sh;
			shellScript = "\"${PODS_ROOT}/Target Support Files/Pods-icebreakr-icebreakrTests/Pods-icebreakr-icebreakrTests-resources.sh\"\n";
			showEnvVarsInLog = 0;
		};
		D097AFD68CD844F8FE7ADD49 /* [CP] Embed Pods Frameworks */ = {
			isa = PBXShellScriptBuildPhase;
			buildActionMask = 2147483647;
			files = (
			);
			inputFileListPaths = (
				"${PODS_ROOT}/Target Support Files/Pods-icebreakr-icebreakrTests/Pods-icebreakr-icebreakrTests-frameworks-${CONFIGURATION}-input-files.xcfilelist",
			);
			name = "[CP] Embed Pods Frameworks";
			outputFileListPaths = (
				"${PODS_ROOT}/Target Support Files/Pods-icebreakr-icebreakrTests/Pods-icebreakr-icebreakrTests-frameworks-${CONFIGURATION}-output-files.xcfilelist",
			);
			runOnlyForDeploymentPostprocessing = 0;
			shellPath = /bin/sh;
			shellScript = "\"${PODS_ROOT}/Target Support Files/Pods-icebreakr-icebreakrTests/Pods-icebreakr-icebreakrTests-frameworks.sh\"\n";
			showEnvVarsInLog = 0;
		};
		D953479E9D05C96256FD4388 /* [CP] Copy Pods Resources */ = {
			isa = PBXShellScriptBuildPhase;
			buildActionMask = 2147483647;
			files = (
			);
			inputFileListPaths = (
				"${PODS_ROOT}/Target Support Files/Pods-icebreakr/Pods-icebreakr-resources-${CONFIGURATION}-input-files.xcfilelist",
			);
			name = "[CP] Copy Pods Resources";
			outputFileListPaths = (
				"${PODS_ROOT}/Target Support Files/Pods-icebreakr/Pods-icebreakr-resources-${CONFIGURATION}-output-files.xcfilelist",
			);
			runOnlyForDeploymentPostprocessing = 0;
			shellPath = /bin/sh;
			shellScript = "\"${PODS_ROOT}/Target Support Files/Pods-icebreakr/Pods-icebreakr-resources.sh\"\n";
			showEnvVarsInLog = 0;
		};
		FD10A7F022414F080027D42C /* Start Packager */ = {
			isa = PBXShellScriptBuildPhase;
			buildActionMask = 2147483647;
			files = (
			);
			inputFileListPaths = (
			);
			inputPaths = (
			);
			name = "Start Packager";
			outputFileListPaths = (
			);
			outputPaths = (
			);
			runOnlyForDeploymentPostprocessing = 0;
			shellPath = /bin/sh;
			shellScript = "export RCT_METRO_PORT=\"${RCT_METRO_PORT:=8081}\"\necho \"export RCT_METRO_PORT=${RCT_METRO_PORT}\" > \"${SRCROOT}/../node_modules/react-native/scripts/.packager.env\"\nif [ -z \"${RCT_NO_LAUNCH_PACKAGER+xxx}\" ] ; then\n  if nc -w 5 -z localhost ${RCT_METRO_PORT} ; then\n    if ! curl -s \"http://localhost:${RCT_METRO_PORT}/status\" | grep -q \"packager-status:running\" ; then\n      echo \"Port ${RCT_METRO_PORT} already in use, packager is either not running or not running correctly\"\n      exit 2\n    fi\n  else\n    open \"$SRCROOT/../node_modules/react-native/scripts/launchPackager.command\" || echo \"Can't start packager automatically\"\n  fi\nfi\n";
			showEnvVarsInLog = 0;
		};
/* End PBXShellScriptBuildPhase section */

/* Begin PBXSourcesBuildPhase section */
		00E356EA1AD99517003FC87E /* Sources */ = {
			isa = PBXSourcesBuildPhase;
			buildActionMask = 2147483647;
			files = (
				00E356F31AD99517003FC87E /* icebreakrTests.m in Sources */,
			);
			runOnlyForDeploymentPostprocessing = 0;
		};
		13B07F871A680F5B00A75B9A /* Sources */ = {
			isa = PBXSourcesBuildPhase;
			buildActionMask = 2147483647;
			files = (
				13B07FBC1A68108700A75B9A /* AppDelegate.m in Sources */,
				13B07FC11A68108700A75B9A /* main.m in Sources */,
			);
			runOnlyForDeploymentPostprocessing = 0;
		};
/* End PBXSourcesBuildPhase section */

/* Begin PBXTargetDependency section */
		00E356F51AD99517003FC87E /* PBXTargetDependency */ = {
			isa = PBXTargetDependency;
			target = 13B07F861A680F5B00A75B9A /* icebreakr */;
			targetProxy = 00E356F41AD99517003FC87E /* PBXContainerItemProxy */;
		};
/* End PBXTargetDependency section */

/* Begin XCBuildConfiguration section */
		00E356F61AD99517003FC87E /* Debug */ = {
			isa = XCBuildConfiguration;
			baseConfigurationReference = AD4CCE66679DE2FCF78DDA3A /* Pods-icebreakr-icebreakrTests.debug.xcconfig */;
			buildSettings = {
				BUNDLE_LOADER = "$(TEST_HOST)";
				GCC_PREPROCESSOR_DEFINITIONS = (
					"DEBUG=1",
					"$(inherited)",
				);
				INFOPLIST_FILE = icebreakrTests/Info.plist;
				IPHONEOS_DEPLOYMENT_TARGET = 10.0;
				LD_RUNPATH_SEARCH_PATHS = (
					"$(inherited)",
					"@executable_path/Frameworks",
					"@loader_path/Frameworks",
				);
				OTHER_LDFLAGS = (
					"-ObjC",
					"-lc++",
					"$(inherited)",
				);
				PRODUCT_BUNDLE_IDENTIFIER = "org.reactjs.native.example.$(PRODUCT_NAME:rfc1034identifier)";
				PRODUCT_NAME = "$(TARGET_NAME)";
				TEST_HOST = "$(BUILT_PRODUCTS_DIR)/icebreakr.app/icebreakr";
			};
			name = Debug;
		};
		00E356F71AD99517003FC87E /* Release */ = {
			isa = XCBuildConfiguration;
			baseConfigurationReference = 79841C98A537663140AECB9F /* Pods-icebreakr-icebreakrTests.release.xcconfig */;
			buildSettings = {
				BUNDLE_LOADER = "$(TEST_HOST)";
				COPY_PHASE_STRIP = NO;
				INFOPLIST_FILE = icebreakrTests/Info.plist;
				IPHONEOS_DEPLOYMENT_TARGET = 10.0;
				LD_RUNPATH_SEARCH_PATHS = (
					"$(inherited)",
					"@executable_path/Frameworks",
					"@loader_path/Frameworks",
				);
				OTHER_LDFLAGS = (
					"-ObjC",
					"-lc++",
					"$(inherited)",
				);
				PRODUCT_BUNDLE_IDENTIFIER = "org.reactjs.native.example.$(PRODUCT_NAME:rfc1034identifier)";
				PRODUCT_NAME = "$(TARGET_NAME)";
				TEST_HOST = "$(BUILT_PRODUCTS_DIR)/icebreakr.app/icebreakr";
			};
			name = Release;
		};
		13B07F941A680F5B00A75B9A /* Debug */ = {
			isa = XCBuildConfiguration;
			baseConfigurationReference = BFFDC7944842A200C7527B72 /* Pods-icebreakr.debug.xcconfig */;
			buildSettings = {
				ASSETCATALOG_COMPILER_APPICON_NAME = AppIcon;
				CLANG_ENABLE_MODULES = YES;
				CURRENT_PROJECT_VERSION = 1;
				ENABLE_BITCODE = NO;
				INFOPLIST_FILE = icebreakr/Info.plist;
				LD_RUNPATH_SEARCH_PATHS = (
					"$(inherited)",
					"@executable_path/Frameworks",
				);
				OTHER_LDFLAGS = (
					"$(inherited)",
					"-ObjC",
					"-lc++",
				);
				PRODUCT_BUNDLE_IDENTIFIER = "org.reactjs.native.example.$(PRODUCT_NAME:rfc1034identifier)";
				PRODUCT_NAME = icebreakr;
				SWIFT_OPTIMIZATION_LEVEL = "-Onone";
				SWIFT_VERSION = 5.0;
				VERSIONING_SYSTEM = "apple-generic";
			};
			name = Debug;
		};
		13B07F951A680F5B00A75B9A /* Release */ = {
			isa = XCBuildConfiguration;
			baseConfigurationReference = 0C15B5E97F65245A61A95607 /* Pods-icebreakr.release.xcconfig */;
			buildSettings = {
				ASSETCATALOG_COMPILER_APPICON_NAME = AppIcon;
				CLANG_ENABLE_MODULES = YES;
				CURRENT_PROJECT_VERSION = 1;
				INFOPLIST_FILE = icebreakr/Info.plist;
				LD_RUNPATH_SEARCH_PATHS = (
					"$(inherited)",
					"@executable_path/Frameworks",
				);
				OTHER_LDFLAGS = (
					"$(inherited)",
					"-ObjC",
					"-lc++",
				);
				PRODUCT_BUNDLE_IDENTIFIER = "org.reactjs.native.example.$(PRODUCT_NAME:rfc1034identifier)";
				PRODUCT_NAME = icebreakr;
				SWIFT_VERSION = 5.0;
				VERSIONING_SYSTEM = "apple-generic";
			};
			name = Release;
		};
		83CBBA201A601CBA00E9B192 /* Debug */ = {
			isa = XCBuildConfiguration;
			buildSettings = {
				ALWAYS_SEARCH_USER_PATHS = NO;
				CLANG_ANALYZER_LOCALIZABILITY_NONLOCALIZED = YES;
				CLANG_CXX_LANGUAGE_STANDARD = "gnu++0x";
				CLANG_CXX_LIBRARY = "libc++";
				CLANG_ENABLE_MODULES = YES;
				CLANG_ENABLE_OBJC_ARC = YES;
				CLANG_WARN_BLOCK_CAPTURE_AUTORELEASING = YES;
				CLANG_WARN_BOOL_CONVERSION = YES;
				CLANG_WARN_COMMA = YES;
				CLANG_WARN_CONSTANT_CONVERSION = YES;
				CLANG_WARN_DEPRECATED_OBJC_IMPLEMENTATIONS = YES;
				CLANG_WARN_DIRECT_OBJC_ISA_USAGE = YES_ERROR;
				CLANG_WARN_EMPTY_BODY = YES;
				CLANG_WARN_ENUM_CONVERSION = YES;
				CLANG_WARN_INFINITE_RECURSION = YES;
				CLANG_WARN_INT_CONVERSION = YES;
				CLANG_WARN_NON_LITERAL_NULL_CONVERSION = YES;
				CLANG_WARN_OBJC_IMPLICIT_RETAIN_SELF = YES;
				CLANG_WARN_OBJC_LITERAL_CONVERSION = YES;
				CLANG_WARN_OBJC_ROOT_CLASS = YES_ERROR;
				CLANG_WARN_QUOTED_INCLUDE_IN_FRAMEWORK_HEADER = YES;
				CLANG_WARN_RANGE_LOOP_ANALYSIS = YES;
				CLANG_WARN_STRICT_PROTOTYPES = YES;
				CLANG_WARN_SUSPICIOUS_MOVE = YES;
				CLANG_WARN_UNREACHABLE_CODE = YES;
				CLANG_WARN__DUPLICATE_METHOD_MATCH = YES;
				"CODE_SIGN_IDENTITY[sdk=iphoneos*]" = "iPhone Developer";
				COPY_PHASE_STRIP = NO;
				ENABLE_STRICT_OBJC_MSGSEND = YES;
				ENABLE_TESTABILITY = YES;
				"EXCLUDED_ARCHS[sdk=iphonesimulator*]" = "arm64 ";
				GCC_C_LANGUAGE_STANDARD = gnu99;
				GCC_DYNAMIC_NO_PIC = NO;
				GCC_NO_COMMON_BLOCKS = YES;
				GCC_OPTIMIZATION_LEVEL = 0;
				GCC_PREPROCESSOR_DEFINITIONS = (
					"DEBUG=1",
					"$(inherited)",
				);
				GCC_SYMBOLS_PRIVATE_EXTERN = NO;
				GCC_WARN_64_TO_32_BIT_CONVERSION = YES;
				GCC_WARN_ABOUT_RETURN_TYPE = YES_ERROR;
				GCC_WARN_UNDECLARED_SELECTOR = YES;
				GCC_WARN_UNINITIALIZED_AUTOS = YES_AGGRESSIVE;
				GCC_WARN_UNUSED_FUNCTION = YES;
				GCC_WARN_UNUSED_VARIABLE = YES;
				IPHONEOS_DEPLOYMENT_TARGET = 10.0;
				LD_RUNPATH_SEARCH_PATHS = (
					/usr/lib/swift,
					"$(inherited)",
				);
				LIBRARY_SEARCH_PATHS = (
					"\"$(TOOLCHAIN_DIR)/usr/lib/swift/$(PLATFORM_NAME)\"",
					"\"$(TOOLCHAIN_DIR)/usr/lib/swift-5.0/$(PLATFORM_NAME)\"",
					"\"$(inherited)\"",
				);
				MTL_ENABLE_DEBUG_INFO = YES;
				ONLY_ACTIVE_ARCH = YES;
				SDKROOT = iphoneos;
			};
			name = Debug;
		};
		83CBBA211A601CBA00E9B192 /* Release */ = {
			isa = XCBuildConfiguration;
			buildSettings = {
				ALWAYS_SEARCH_USER_PATHS = NO;
				CLANG_ANALYZER_LOCALIZABILITY_NONLOCALIZED = YES;
				CLANG_CXX_LANGUAGE_STANDARD = "gnu++0x";
				CLANG_CXX_LIBRARY = "libc++";
				CLANG_ENABLE_MODULES = YES;
				CLANG_ENABLE_OBJC_ARC = YES;
				CLANG_WARN_BLOCK_CAPTURE_AUTORELEASING = YES;
				CLANG_WARN_BOOL_CONVERSION = YES;
				CLANG_WARN_COMMA = YES;
				CLANG_WARN_CONSTANT_CONVERSION = YES;
				CLANG_WARN_DEPRECATED_OBJC_IMPLEMENTATIONS = YES;
				CLANG_WARN_DIRECT_OBJC_ISA_USAGE = YES_ERROR;
				CLANG_WARN_EMPTY_BODY = YES;
				CLANG_WARN_ENUM_CONVERSION = YES;
				CLANG_WARN_INFINITE_RECURSION = YES;
				CLANG_WARN_INT_CONVERSION = YES;
				CLANG_WARN_NON_LITERAL_NULL_CONVERSION = YES;
				CLANG_WARN_OBJC_IMPLICIT_RETAIN_SELF = YES;
				CLANG_WARN_OBJC_LITERAL_CONVERSION = YES;
				CLANG_WARN_OBJC_ROOT_CLASS = YES_ERROR;
				CLANG_WARN_QUOTED_INCLUDE_IN_FRAMEWORK_HEADER = YES;
				CLANG_WARN_RANGE_LOOP_ANALYSIS = YES;
				CLANG_WARN_STRICT_PROTOTYPES = YES;
				CLANG_WARN_SUSPICIOUS_MOVE = YES;
				CLANG_WARN_UNREACHABLE_CODE = YES;
				CLANG_WARN__DUPLICATE_METHOD_MATCH = YES;
				"CODE_SIGN_IDENTITY[sdk=iphoneos*]" = "iPhone Developer";
				COPY_PHASE_STRIP = YES;
				ENABLE_NS_ASSERTIONS = NO;
				ENABLE_STRICT_OBJC_MSGSEND = YES;
				"EXCLUDED_ARCHS[sdk=iphonesimulator*]" = "arm64 ";
				GCC_C_LANGUAGE_STANDARD = gnu99;
				GCC_NO_COMMON_BLOCKS = YES;
				GCC_WARN_64_TO_32_BIT_CONVERSION = YES;
				GCC_WARN_ABOUT_RETURN_TYPE = YES_ERROR;
				GCC_WARN_UNDECLARED_SELECTOR = YES;
				GCC_WARN_UNINITIALIZED_AUTOS = YES_AGGRESSIVE;
				GCC_WARN_UNUSED_FUNCTION = YES;
				GCC_WARN_UNUSED_VARIABLE = YES;
				IPHONEOS_DEPLOYMENT_TARGET = 10.0;
				LD_RUNPATH_SEARCH_PATHS = (
					/usr/lib/swift,
					"$(inherited)",
				);
				LIBRARY_SEARCH_PATHS = (
					"\"$(TOOLCHAIN_DIR)/usr/lib/swift/$(PLATFORM_NAME)\"",
					"\"$(TOOLCHAIN_DIR)/usr/lib/swift-5.0/$(PLATFORM_NAME)\"",
					"\"$(inherited)\"",
				);
				MTL_ENABLE_DEBUG_INFO = NO;
				SDKROOT = iphoneos;
				VALIDATE_PRODUCT = YES;
			};
			name = Release;
		};
/* End XCBuildConfiguration section */

/* Begin XCConfigurationList section */
		00E357021AD99517003FC87E /* Build configuration list for PBXNativeTarget "icebreakrTests" */ = {
			isa = XCConfigurationList;
			buildConfigurations = (
				00E356F61AD99517003FC87E /* Debug */,
				00E356F71AD99517003FC87E /* Release */,
			);
			defaultConfigurationIsVisible = 0;
			defaultConfigurationName = Release;
		};
		13B07F931A680F5B00A75B9A /* Build configuration list for PBXNativeTarget "icebreakr" */ = {
			isa = XCConfigurationList;
			buildConfigurations = (
				13B07F941A680F5B00A75B9A /* Debug */,
				13B07F951A680F5B00A75B9A /* Release */,
			);
			defaultConfigurationIsVisible = 0;
			defaultConfigurationName = Release;
		};
		83CBB9FA1A601CBA00E9B192 /* Build configuration list for PBXProject "icebreakr" */ = {
			isa = XCConfigurationList;
			buildConfigurations = (
				83CBBA201A601CBA00E9B192 /* Debug */,
				83CBBA211A601CBA00E9B192 /* Release */,
			);
			defaultConfigurationIsVisible = 0;
			defaultConfigurationName = Release;
		};
/* End XCConfigurationList section */
	};
	rootObject = 83CBB9F71A601CBA00E9B192 /* Project object */;
}
